
Microsoft Visual Studio Solution File, Format Version 12.00
# Visual Studio Version 16
VisualStudioVersion = 16.0.32802.440
MinimumVisualStudioVersion = 10.0.40219.1
Project("{FAE04EC0-301F-11D3-BF4B-00C04F79EFBC}") = "Calculadora p", "Calculadora p\Calculadora p.csproj", "{CD91BFF4-69C2-410C-9C51-D55C8F62F52A}"
EndProject
Global
	GlobalSection(SolutionConfigurationPlatforms) = preSolution
		Debug|Any CPU = Debug|Any CPU
		Release|Any CPU = Release|Any CPU
	EndGlobalSection
	GlobalSection(ProjectConfigurationPlatforms) = postSolution
		{CD91BFF4-69C2-410C-9C51-D55C8F62F52A}.Debug|Any CPU.ActiveCfg = Debug|Any CPU
		{CD91BFF4-69C2-410C-9C51-D55C8F62F52A}.Debug|Any CPU.Build.0 = Debug|Any CPU
		{CD91BFF4-69C2-410C-9C51-D55C8F62F52A}.Release|Any CPU.ActiveCfg = Release|Any CPU
		{CD91BFF4-69C2-410C-9C51-D55C8F62F52A}.Release|Any CPU.Build.0 = Release|Any CPU
	EndGlobalSection
	GlobalSection(SolutionProperties) = preSolution
		HideSolutionNode = FALSE
	EndGlobalSection
	GlobalSection(ExtensibilityGlobals) = postSolution
		SolutionGuid = {9BDFF81B-F420-4A8B-9CD7-B3009D71E2E2}
	EndGlobalSection
EndGlobal
